{
    "_readme": [
        "This file locks the dependencies of your project to a known state",
        "Read more about it at https://getcomposer.org/doc/01-basic-usage.md#composer-lock-the-lock-file",
        "This file is @generated automatically"
    ],
    "content-hash": "3f93741c4979f6903e9bf7b7e91ad450",
    "packages": [
        {
            "name": "byjg/jwt-session",
            "version": "2.0.0",
            "source": {
                "type": "git",
                "url": "https://github.com/byjg/jwt-session.git",
                "reference": "6f31d196a75bead751a6b5010d415626bf352ef8"
            },
            "dist": {
                "type": "zip",
                "url": "https://api.github.com/repos/byjg/jwt-session/zipball/6f31d196a75bead751a6b5010d415626bf352ef8",
                "reference": "6f31d196a75bead751a6b5010d415626bf352ef8",
                "shasum": ""
            },
            "require": {
                "byjg/jwt-wrapper": "2.0.*",
                "php": ">=5.6.0"
            },
            "require-dev": {
                "phpunit/phpunit": ">=5.7"
            },
            "type": "library",
            "autoload": {
                "psr-4": {
                    "ByJG\\Session\\": "src/"
                }
            },
            "notification-url": "https://packagist.org/downloads/",
            "license": [
                "MIT"
            ],
            "authors": [
                {
                    "name": "João Gilberto Magalhães",
                    "email": "joao@byjg.com.br"
                }
            ],
            "description": "JwtSession is a PHP session replacement. Instead of use FileSystem, just use JWT TOKEN. The implementation following the SessionHandlerInterface.",
            "time": "2019-01-09T02:41:38+00:00"
        },
        {
            "name": "byjg/jwt-wrapper",
            "version": "2.0.1",
            "source": {
                "type": "git",
                "url": "https://github.com/byjg/jwt-wrapper.git",
                "reference": "6618613cd15fd31e473fc862b452882a677379dd"
            },
            "dist": {
                "type": "zip",
                "url": "https://api.github.com/repos/byjg/jwt-wrapper/zipball/6618613cd15fd31e473fc862b452882a677379dd",
                "reference": "6618613cd15fd31e473fc862b452882a677379dd",
                "shasum": ""
            },
            "require": {
                "ext-openssl": "*",
                "firebase/php-jwt": "^5.0"
            },
            "require-dev": {
                "phpunit/phpunit": "5.7.*|7.4.*"
            },
            "type": "library",
            "autoload": {
                "psr-4": {
                    "ByJG\\Util\\": "src/"
                }
            },
            "notification-url": "https://packagist.org/downloads/",
            "license": [
                "MIT"
            ],
            "description": "A very simple wrapper for create, encode, decode JWT Tokens and abstract the PHP JWT Component",
            "time": "2019-11-19T02:53:31+00:00"
        },
        {
            "name": "firebase/php-jwt",
            "version": "v5.2.0",
            "source": {
                "type": "git",
                "url": "https://github.com/firebase/php-jwt.git",
                "reference": "feb0e820b8436873675fd3aca04f3728eb2185cb"
            },
            "dist": {
                "type": "zip",
                "url": "https://api.github.com/repos/firebase/php-jwt/zipball/feb0e820b8436873675fd3aca04f3728eb2185cb",
                "reference": "feb0e820b8436873675fd3aca04f3728eb2185cb",
                "shasum": ""
            },
            "require": {
                "php": ">=5.3.0"
            },
            "require-dev": {
                "phpunit/phpunit": ">=4.8 <=9"
            },
            "type": "library",
            "autoload": {
                "psr-4": {
                    "Firebase\\JWT\\": "src"
                }
            },
            "notification-url": "https://packagist.org/downloads/",
            "license": [
                "BSD-3-Clause"
            ],
            "authors": [
                {
                    "name": "Neuman Vong",
                    "email": "neuman+pear@twilio.com",
                    "role": "Developer"
                },
                {
                    "name": "Anant Narayanan",
                    "email": "anant@php.net",
                    "role": "Developer"
                }
            ],
            "description": "A simple library to encode and decode JSON Web Tokens (JWT) in PHP. Should conform to the current spec.",
            "homepage": "https://github.com/firebase/php-jwt",
            "keywords": [
                "jwt",
                "php"
            ],
            "time": "2020-03-25T18:49:23+00:00"
        },
        {
            "name": "respect/stringifier",
            "version": "0.2.0",
            "source": {
                "type": "git",
                "url": "https://github.com/Respect/Stringifier.git",
                "reference": "e55af3c8aeaeaa2abb5fa47a58a8e9688cc23b59"
            },
            "dist": {
                "type": "zip",
                "url": "https://api.github.com/repos/Respect/Stringifier/zipball/e55af3c8aeaeaa2abb5fa47a58a8e9688cc23b59",
                "reference": "e55af3c8aeaeaa2abb5fa47a58a8e9688cc23b59",
                "shasum": ""
            },
            "require": {
                "php": ">=7.1"
            },
            "require-dev": {
                "friendsofphp/php-cs-fixer": "^2.8",
                "malukenho/docheader": "^0.1.7",
                "phpunit/phpunit": "^6.4"
            },
            "type": "library",
            "autoload": {
                "psr-4": {
                    "Respect\\Stringifier\\": "src/"
                },
                "files": [
                    "src/stringify.php"
                ]
            },
            "notification-url": "https://packagist.org/downloads/",
            "license": [
                "MIT"
            ],
            "authors": [
                {
                    "name": "Respect/Stringifier Contributors",
                    "homepage": "https://github.com/Respect/Stringifier/graphs/contributors"
                }
            ],
            "description": "Converts any value to a string",
            "homepage": "http://respect.github.io/Stringifier/",
            "keywords": [
                "respect",
                "stringifier",
                "stringify"
            ],
            "time": "2017-12-29T19:39:25+00:00"
        },
        {
            "name": "respect/validation",
            "version": "2.0.8",
            "source": {
                "type": "git",
                "url": "https://github.com/Respect/Validation.git",
                "reference": "e0fbed32c90b408652bb30803647d90901f612f1"
            },
            "dist": {
                "type": "zip",
                "url": "https://api.github.com/repos/Respect/Validation/zipball/e0fbed32c90b408652bb30803647d90901f612f1",
                "reference": "e0fbed32c90b408652bb30803647d90901f612f1",
                "shasum": ""
            },
            "require": {
                "php": ">=7.2",
                "respect/stringifier": "^0.2.0",
                "symfony/polyfill-mbstring": "^1.2"
            },
            "require-dev": {
                "dealerdirect/phpcodesniffer-composer-installer": "^0.5.0",
                "egulias/email-validator": "^2.1",
                "malukenho/docheader": "^0.1",
                "mikey179/vfsstream": "^1.6",
                "phpstan/phpstan": "^0.11",
                "phpstan/phpstan-deprecation-rules": "^0.11.0",
                "phpstan/phpstan-phpunit": "^0.11.0",
                "phpunit/phpunit": "^7.5",
                "respect/coding-standard": "^1.0",
                "squizlabs/php_codesniffer": "^3.5",
                "symfony/validator": "^3.0||^4.0",
                "zendframework/zend-validator": "^2.1"
            },
            "suggest": {
                "egulias/email-validator": "Strict (RFC compliant) email validation",
                "ext-bcmath": "Arbitrary Precision Mathematics",
                "ext-fileinfo": "File Information",
                "ext-mbstring": "Multibyte String Functions",
                "symfony/validator": "Use Symfony validator through Respect\\Validation",
                "zendframework/zend-validator": "Use Zend Framework validator through Respect\\Validation"
            },
            "type": "library",
            "autoload": {
                "psr-4": {
                    "Respect\\Validation\\": "library/"
                }
            },
            "notification-url": "https://packagist.org/downloads/",
            "license": [
                "MIT"
            ],
            "authors": [
                {
                    "name": "Respect/Validation Contributors",
                    "homepage": "https://github.com/Respect/Validation/graphs/contributors"
                }
            ],
            "description": "The most awesome validation engine ever created for PHP",
            "homepage": "http://respect.github.io/Validation/",
            "keywords": [
                "respect",
                "validation",
                "validator"
            ],
            "time": "2020-05-20T13:02:44+00:00"
        },
        {
            "name": "symfony/polyfill-mbstring",
            "version": "v1.17.0",
            "source": {
                "type": "git",
                "url": "https://github.com/symfony/polyfill-mbstring.git",
                "reference": "fa79b11539418b02fc5e1897267673ba2c19419c"
            },
            "dist": {
                "type": "zip",
                "url": "https://api.github.com/repos/symfony/polyfill-mbstring/zipball/fa79b11539418b02fc5e1897267673ba2c19419c",
                "reference": "fa79b11539418b02fc5e1897267673ba2c19419c",
                "shasum": ""
            },
            "require": {
                "php": ">=5.3.3"
            },
            "suggest": {
                "ext-mbstring": "For best performance"
            },
            "type": "library",
            "extra": {
                "branch-alias": {
                    "dev-master": "1.17-dev"
                }
            },
            "autoload": {
                "psr-4": {
                    "Symfony\\Polyfill\\Mbstring\\": ""
                },
                "files": [
                    "bootstrap.php"
                ]
            },
            "notification-url": "https://packagist.org/downloads/",
            "license": [
                "MIT"
            ],
            "authors": [
                {
                    "name": "Nicolas Grekas",
                    "email": "p@tchwork.com"
                },
                {
                    "name": "Symfony Community",
                    "homepage": "https://symfony.com/contributors"
                }
            ],
            "description": "Symfony polyfill for the Mbstring extension",
            "homepage": "https://symfony.com",
            "keywords": [
                "compatibility",
                "mbstring",
                "polyfill",
                "portable",
                "shim"
            ],
            "time": "2020-05-12T16:47:27+00:00"
        }
    ],
    "packages-dev": [],
    "aliases": [],
    "minimum-stability": "stable",
    "stability-flags": [],
    "prefer-stable": false,
    "prefer-lowest": false,
    "platform": {
        "php": "^7.2"
    },
    "platform-dev": []
}
